
Microsoft Visual Studio Solution File, Format Version 12.00
# Visual Studio Express 2012 for Windows Desktop
Project("{FAE04EC0-301F-11D3-BF4B-00C04F79EFBC}") = "Excepcao01", "console\Excepcao01.csproj", "{A0928003-48B4-4157-A31B-01845D37EC08}"
EndProject
Project("{FAE04EC0-301F-11D3-BF4B-00C04F79EFBC}") = "Excepcao02", "Excepcao02\Excepcao02.csproj", "{BD82DE4C-E430-41AC-87F3-100CCA3F6B0F}"
EndProject
Global
	GlobalSection(SolutionConfigurationPlatforms) = preSolution
		Debug|Any CPU = Debug|Any CPU
		Release|Any CPU = Release|Any CPU
	EndGlobalSection
	GlobalSection(ProjectConfigurationPlatforms) = postSolution
		{A0928003-48B4-4157-A31B-01845D37EC08}.Debug|Any CPU.ActiveCfg = Debug|Any CPU
		{A0928003-48B4-4157-A31B-01845D37EC08}.Debug|Any CPU.Build.0 = Debug|Any CPU
		{A0928003-48B4-4157-A31B-01845D37EC08}.Release|Any CPU.ActiveCfg = Release|Any CPU
		{A0928003-48B4-4157-A31B-01845D37EC08}.Release|Any CPU.Build.0 = Release|Any CPU
		{BD82DE4C-E430-41AC-87F3-100CCA3F6B0F}.Debug|Any CPU.ActiveCfg = Debug|Any CPU
		{BD82DE4C-E430-41AC-87F3-100CCA3F6B0F}.Debug|Any CPU.Build.0 = Debug|Any CPU
		{BD82DE4C-E430-41AC-87F3-100CCA3F6B0F}.Release|Any CPU.ActiveCfg = Release|Any CPU
		{BD82DE4C-E430-41AC-87F3-100CCA3F6B0F}.Release|Any CPU.Build.0 = Release|Any CPU
	EndGlobalSection
	GlobalSection(SolutionProperties) = preSolution
		HideSolutionNode = FALSE
	EndGlobalSection
EndGlobal
