
Microsoft Visual Studio Solution File, Format Version 12.00
# Visual Studio Express 2012 for Windows Desktop
Project("{FAE04EC0-301F-11D3-BF4B-00C04F79EFBC}") = "ClsNotepad", "ClsNotepad\ClsNotepad.csproj", "{17394E3C-83B0-4BA3-85BC-4D2FF642CB45}"
EndProject
Project("{FAE04EC0-301F-11D3-BF4B-00C04F79EFBC}") = "MyNotepad", "MyNotepad\MyNotepad.csproj", "{C834BA95-1462-4F59-A97B-652BD1DE7B8B}"
EndProject
Global
	GlobalSection(SolutionConfigurationPlatforms) = preSolution
		Debug|Any CPU = Debug|Any CPU
		Release|Any CPU = Release|Any CPU
	EndGlobalSection
	GlobalSection(ProjectConfigurationPlatforms) = postSolution
		{17394E3C-83B0-4BA3-85BC-4D2FF642CB45}.Debug|Any CPU.ActiveCfg = Debug|Any CPU
		{17394E3C-83B0-4BA3-85BC-4D2FF642CB45}.Debug|Any CPU.Build.0 = Debug|Any CPU
		{17394E3C-83B0-4BA3-85BC-4D2FF642CB45}.Release|Any CPU.ActiveCfg = Release|Any CPU
		{17394E3C-83B0-4BA3-85BC-4D2FF642CB45}.Release|Any CPU.Build.0 = Release|Any CPU
		{C834BA95-1462-4F59-A97B-652BD1DE7B8B}.Debug|Any CPU.ActiveCfg = Debug|Any CPU
		{C834BA95-1462-4F59-A97B-652BD1DE7B8B}.Debug|Any CPU.Build.0 = Debug|Any CPU
		{C834BA95-1462-4F59-A97B-652BD1DE7B8B}.Release|Any CPU.ActiveCfg = Release|Any CPU
		{C834BA95-1462-4F59-A97B-652BD1DE7B8B}.Release|Any CPU.Build.0 = Release|Any CPU
	EndGlobalSection
	GlobalSection(SolutionProperties) = preSolution
		HideSolutionNode = FALSE
	EndGlobalSection
EndGlobal
